
Microsoft Visual Studio Solution File, Format Version 12.00
# Visual Studio Version 16
VisualStudioVersion = 16.0.33529.622
MinimumVisualStudioVersion = 10.0.40219.1
Project("{FAE04EC0-301F-11D3-BF4B-00C04F79EFBC}") = "Interview_Tracker", "Interview_Tracker\Interview_Tracker.csproj", "{AA7B59BB-D2A5-449B-9DF5-567D8AF9CF04}"
EndProject
Global
	GlobalSection(SolutionConfigurationPlatforms) = preSolution
		Debug|Any CPU = Debug|Any CPU
		Release|Any CPU = Release|Any CPU
	EndGlobalSection
	GlobalSection(ProjectConfigurationPlatforms) = postSolution
		{AA7B59BB-D2A5-449B-9DF5-567D8AF9CF04}.Debug|Any CPU.ActiveCfg = Debug|Any CPU
		{AA7B59BB-D2A5-449B-9DF5-567D8AF9CF04}.Debug|Any CPU.Build.0 = Debug|Any CPU
		{AA7B59BB-D2A5-449B-9DF5-567D8AF9CF04}.Release|Any CPU.ActiveCfg = Release|Any CPU
		{AA7B59BB-D2A5-449B-9DF5-567D8AF9CF04}.Release|Any CPU.Build.0 = Release|Any CPU
	EndGlobalSection
	GlobalSection(SolutionProperties) = preSolution
		HideSolutionNode = FALSE
	EndGlobalSection
	GlobalSection(ExtensibilityGlobals) = postSolution
		SolutionGuid = {FA3B92C3-2D16-42CD-B4B5-CFFF008B36F8}
	EndGlobalSection
EndGlobal
